# THIS IS AN AUTOGENERATED FILE. DO NOT EDIT THIS FILE DIRECTLY.
# yarn lockfile v1


iced-error@>=0.0.9:
  version "0.0.12"
  resolved "https://registry.yarnpkg.com/iced-error/-/iced-error-0.0.12.tgz#e0a861462817cf0ce974b13fca612d3a0d5d10be"

iced-lock@^1.0.1:
  version "1.1.0"
  resolved "https://registry.yarnpkg.com/iced-lock/-/iced-lock-1.1.0.tgz#6116ef1cab3acd6e6b10893bb27ba622fd3fde72"
  dependencies:
    iced-runtime "^1.0.0"

iced-runtime@>=0.0.1, iced-runtime@^1.0.0, iced-runtime@^1.0.2:
  version "1.0.3"
  resolved "https://registry.yarnpkg.com/iced-runtime/-/iced-runtime-1.0.3.tgz#2d4f4fb999ab7aa5430b193c77a7fce4118319ce"

more-entropy@>=0.0.7:
  version "0.0.7"
  resolved "https://registry.yarnpkg.com/more-entropy/-/more-entropy-0.0.7.tgz#67bfc6f7a86f26fbc37aac83fd46d88c61d109b5"
  dependencies:
    iced-runtime ">=0.0.1"

progress@~1.1.2:
  version "1.1.8"
  resolved "https://registry.yarnpkg.com/progress/-/progress-1.1.8.tgz#e260c78f6161cdd9b0e56cc3e0a85de17c7a57be"

triplesec@^3.0.26:
  version "3.0.26"
  resolved "https://registry.yarnpkg.com/triplesec/-/triplesec-3.0.26.tgz#dff2bb4758a423372e739a397d8991f0597d0ac1"
  dependencies:
    iced-error ">=0.0.9"
    iced-lock "^1.0.1"
    iced-runtime "^1.0.2"
    more-entropy ">=0.0.7"
    progress "~1.1.2"

uuid@^3.3.2:
  version "3.3.2"
  resolved "https://registry.yarnpkg.com/uuid/-/uuid-3.3.2.tgz#1b4af4955eb3077c501c23872fc6513811587131"
